{
  "requires": true,
  "lockfileVersion": 1,
  "dependencies": {
    "vuex": {
      "version": "4.0.0-alpha.1",
      "resolved": "https://registry.npmjs.org/vuex/-/vuex-4.0.0-alpha.1.tgz",
      "integrity": "sha512-J08Mtcjx2JOyTL+XnXQqqBDyyHpTRFSJvnjkB7FPj0FWFZSpT0atkv3Wp75UxkPAgw3+SCR2tLdr1mm0cBhGjA=="
    }
  }
}
